{
    "hash": "2581a48806dfb7c4b3ff441de4a397c7",
    "packages": [
        {
            "name": "ircmaxell/password-compat",
            "version": "1.0.x-dev",
            "source": {
                "type": "git",
                "url": "https://github.com/ircmaxell/password_compat.git",
                "reference": "v1.0.0"
            },
            "dist": {
                "type": "zip",
                "url": "https://github.com/ircmaxell/password_compat/archive/v1.0.0.zip",
                "reference": "v1.0.0",
                "shasum": ""
            },
            "time": "2013-01-14 16:49:31",
            "type": "library",
            "autoload": {
                "files": [
                    "lib/password.php"
                ]
            },
            "notification-url": "https://packagist.org/downloads/",
            "license": [
                "MIT"
            ],
            "authors": [
                {
                    "name": "Anthony Ferrara",
                    "email": "ircmaxell@php.net",
                    "homepage": "http://blog.ircmaxell.com"
                }
            ],
            "description": "A compatibility library for the proposed simplified password hashing algorithm: https://wiki.php.net/rfc/password_hash",
            "homepage": "https://github.com/ircmaxell/password_compat",
            "keywords": [
                "password",
                "hashing"
            ]
        },
        {
            "name": "laravel/framework",
            "version": "dev-master",
            "source": {
                "type": "git",
                "url": "http://github.com/laravel/framework",
                "reference": "7670d5c9462d5a34295cc5967b0d420cb7a5e6a0"
            },
            "dist": {
                "type": "zip",
                "url": "https://github.com/laravel/framework/archive/7670d5c9462d5a34295cc5967b0d420cb7a5e6a0.zip",
                "reference": "7670d5c9462d5a34295cc5967b0d420cb7a5e6a0",
                "shasum": ""
            },
            "require": {
                "php": ">=5.3.0",
                "monolog/monolog": "1.3.*",
                "swiftmailer/swiftmailer": "4.3.*",
                "symfony/browser-kit": "2.2.*",
                "symfony/console": "2.2.*",
                "symfony/css-selector": "2.2.*",
                "symfony/dom-crawler": "2.2.*",
                "symfony/event-dispatcher": "2.2.*",
                "symfony/finder": "2.2.*",
                "symfony/http-foundation": "2.2.*",
                "symfony/http-kernel": "2.2.*",
                "symfony/process": "2.2.*",
                "symfony/routing": "2.2.*",
                "symfony/translation": "2.2.*",
                "ircmaxell/password-compat": "1.0.*"
            },
            "replace": {
                "illuminate/auth": "self.version",
                "illuminate/cache": "self.version",
                "illuminate/config": "self.version",
                "illuminate/console": "self.version",
                "illuminate/container": "self.version",
                "illuminate/cookie": "self.version",
                "illuminate/database": "self.version",
                "illuminate/encryption": "self.version",
                "illuminate/events": "self.version",
                "illuminate/exception": "self.version",
                "illuminate/filesystem": "self.version",
                "illuminate/foundation": "self.version",
                "illuminate/hashing": "self.version",
                "illuminate/http": "self.version",
                "illuminate/log": "self.version",
                "illuminate/mail": "self.version",
                "illuminate/pagination": "self.version",
                "illuminate/queue": "self.version",
                "illuminate/redis": "self.version",
                "illuminate/routing": "self.version",
                "illuminate/session": "self.version",
                "illuminate/support": "self.version",
                "illuminate/translation": "self.version",
                "illuminate/validation": "self.version",
                "illuminate/view": "self.version",
                "illuminate/workbench": "self.version"
            },
            "require-dev": {
                "mockery/mockery": "0.7.2",
                "iron-io/iron_mq": "1.4.*"
            },
            "time": "2013-01-23 03:27:37",
            "type": "library",
            "extra": {
                "branch-alias": {
                    "dev-master": "4.0-dev"
                }
            },
            "autoload": {
                "classmap": [
                    "src/Illuminate/Queue/Pheanstalk"
                ],
                "files": [
                    "src/Illuminate/Support/helpers.php"
                ],
                "psr-0": {
                    "Illuminate": "src/"
                }
            },
            "notification-url": "https://packagist.org/downloads/",
            "license": [
                "MIT"
            ],
            "authors": [
                {
                    "name": "Taylor Otwell",
                    "email": "taylorotwell@gmail.com"
                }
            ],
            "description": "The Laravel Framework.",
            "keywords": [
                "framework",
                "laravel"
            ]
        },
        {
            "name": "licorice-labs/velcro",
            "version": "dev-master",
            "source": {
                "type": "git",
                "url": "https://github.com/licorice-labs/velcro.git",
                "reference": "35246e099a660864078fd118a1c770012a20fc95"
            },
            "dist": {
                "type": "zip",
                "url": "https://github.com/licorice-labs/velcro/archive/35246e099a660864078fd118a1c770012a20fc95.zip",
                "reference": "35246e099a660864078fd118a1c770012a20fc95",
                "shasum": ""
            },
            "require": {
                "php": ">=5.3.0",
                "illuminate/support": "4.0.x",
                "rcrowe/twigbridge": "0.1.*"
            },
            "time": "2013-01-23 07:55:21",
            "type": "library",
            "autoload": {
                "classmap": [
                    "src/migrations"
                ],
                "psr-0": {
                    "LicoriceLabs\\Velcro": "src/"
                }
            },
            "notification-url": "https://packagist.org/downloads/",
            "authors": [
                {
                    "name": "Wing Lian",
                    "email": "wing.lian@gmail.com"
                }
            ]
        },
        {
            "name": "monolog/monolog",
            "version": "1.3.1",
            "source": {
                "type": "git",
                "url": "https://github.com/Seldaek/monolog",
                "reference": "1.3.1"
            },
            "dist": {
                "type": "zip",
                "url": "https://github.com/Seldaek/monolog/archive/1.3.1.zip",
                "reference": "1.3.1",
                "shasum": ""
            },
            "require": {
                "php": ">=5.3.0",
                "psr/log": ">=1.0,<2.0"
            },
            "require-dev": {
                "mlehner/gelf-php": "1.0.*",
                "raven/raven": "0.3.*",
                "doctrine/couchdb": "dev-master"
            },
            "suggest": {
                "mlehner/gelf-php": "Allow sending log messages to a GrayLog2 server",
                "raven/raven": "Allow sending log messages to a Sentry server",
                "doctrine/couchdb": "Allow sending log messages to a CouchDB server",
                "ext-amqp": "Allow sending log messages to an AMQP server (1.0+ required)",
                "ext-mongo": "Allow sending log messages to a MongoDB server"
            },
            "time": "2013-01-11 10:23:20",
            "type": "library",
            "extra": {
                "branch-alias": {
                    "dev-master": "1.3.x-dev"
                }
            },
            "autoload": {
                "psr-0": {
                    "Monolog": "src/"
                }
            },
            "notification-url": "https://packagist.org/downloads/",
            "license": [
                "MIT"
            ],
            "authors": [
                {
                    "name": "Jordi Boggiano",
                    "email": "j.boggiano@seld.be",
                    "homepage": "http://seld.be",
                    "role": "Developer"
                }
            ],
            "description": "Sends your logs to files, sockets, inboxes, databases and various web services",
            "homepage": "http://github.com/Seldaek/monolog",
            "keywords": [
                "log",
                "logging",
                "psr-3"
            ]
        },
        {
            "name": "psr/log",
            "version": "1.0.0",
            "source": {
                "type": "git",
                "url": "https://github.com/php-fig/log",
                "reference": "1.0.0"
            },
            "dist": {
                "type": "zip",
                "url": "https://github.com/php-fig/log/archive/1.0.0.zip",
                "reference": "1.0.0",
                "shasum": ""
            },
            "time": "2012-12-21 11:40:51",
            "type": "library",
            "autoload": {
                "psr-0": {
                    "Psr\\Log\\": ""
                }
            },
            "notification-url": "https://packagist.org/downloads/",
            "license": [
                "MIT"
            ],
            "authors": [
                {
                    "name": "PHP-FIG",
                    "homepage": "http://www.php-fig.org/"
                }
            ],
            "description": "Common interface for logging libraries",
            "keywords": [
                "log",
                "psr",
                "psr-3"
            ]
        },
        {
            "name": "rcrowe/twigbridge",
            "version": "v0.1.6",
            "source": {
                "type": "git",
                "url": "git://github.com/rcrowe/TwigBridge.git",
                "reference": "v0.1.6"
            },
            "dist": {
                "type": "zip",
                "url": "https://github.com/rcrowe/TwigBridge/archive/v0.1.6.zip",
                "reference": "v0.1.6",
                "shasum": ""
            },
            "require": {
                "php": ">=5.3.0",
                "twig/twig": "1.12.*@stable",
                "illuminate/foundation": "4.0.*"
            },
            "require-dev": {
                "mockery/mockery": "0.7.2",
                "meido/html": "1.1.*@stable",
                "meido/form": "1.1.*@stable"
            },
            "suggest": {
                "meido/html": "1.1.*@stable",
                "meido/form": "1.1.*@stable"
            },
            "time": "2013-01-23 13:27:07",
            "type": "library",
            "autoload": {
                "psr-0": {
                    "TwigBridge": "src/"
                }
            },
            "notification-url": "https://packagist.org/downloads/",
            "license": [
                "MIT"
            ],
            "authors": [
                {
                    "name": "Rob Crowe",
                    "email": "hello@vivalacrowe.com",
                    "homepage": "http://vivalacrowe.com"
                }
            ],
            "description": "Adds the power of Twig to Illuminate / Laravel 4",
            "keywords": [
                "twig",
                "laravel"
            ]
        },
        {
            "name": "swiftmailer/swiftmailer",
            "version": "dev-master",
            "source": {
                "type": "git",
                "url": "git://github.com/swiftmailer/swiftmailer.git",
                "reference": "3aec9a30346ebf54100a38ba7c71fb8aafae3e9a"
            },
            "dist": {
                "type": "zip",
                "url": "https://github.com/swiftmailer/swiftmailer/archive/3aec9a30346ebf54100a38ba7c71fb8aafae3e9a.zip",
                "reference": "3aec9a30346ebf54100a38ba7c71fb8aafae3e9a",
                "shasum": ""
            },
            "require": {
                "php": ">=5.2.4"
            },
            "time": "2013-01-21 16:17:20",
            "type": "library",
            "extra": {
                "branch-alias": {
                    "dev-master": "4.3-dev"
                }
            },
            "autoload": {
                "files": [
                    "lib/swift_required.php"
                ]
            },
            "notification-url": "https://packagist.org/downloads/",
            "license": [
                "LGPL"
            ],
            "authors": [
                {
                    "name": "Fabien Potencier",
                    "email": "fabien@symfony.com"
                },
                {
                    "name": "Chris Corbyn"
                }
            ],
            "description": "Swiftmailer, free feature-rich PHP mailer",
            "homepage": "http://swiftmailer.org",
            "keywords": [
                "mail",
                "mailer"
            ]
        },
        {
            "name": "symfony/browser-kit",
            "version": "dev-master",
            "target-dir": "Symfony/Component/BrowserKit",
            "source": {
                "type": "git",
                "url": "https://github.com/symfony/BrowserKit",
                "reference": "931a0570d0aff28359541de7337f1f0af0d04bfa"
            },
            "dist": {
                "type": "zip",
                "url": "https://github.com/symfony/BrowserKit/archive/931a0570d0aff28359541de7337f1f0af0d04bfa.zip",
                "reference": "931a0570d0aff28359541de7337f1f0af0d04bfa",
                "shasum": ""
            },
            "require": {
                "php": ">=5.3.3",
                "symfony/dom-crawler": "2.2.*"
            },
            "require-dev": {
                "symfony/process": "2.2.*",
                "symfony/css-selector": "2.2.*"
            },
            "suggest": {
                "symfony/process": "2.2.*"
            },
            "time": "2013-01-17 15:25:59",
            "type": "library",
            "extra": {
                "branch-alias": {
                    "dev-master": "2.2-dev"
                }
            },
            "autoload": {
                "psr-0": {
                    "Symfony\\Component\\BrowserKit\\": ""
                }
            },
            "notification-url": "https://packagist.org/downloads/",
            "license": [
                "MIT"
            ],
            "authors": [
                {
                    "name": "Fabien Potencier",
                    "email": "fabien@symfony.com"
                },
                {
                    "name": "Symfony Community",
                    "homepage": "http://symfony.com/contributors"
                }
            ],
            "description": "Symfony BrowserKit Component",
            "homepage": "http://symfony.com"
        },
        {
            "name": "symfony/console",
            "version": "dev-master",
            "target-dir": "Symfony/Component/Console",
            "source": {
                "type": "git",
                "url": "https://github.com/symfony/Console",
                "reference": "b76fc0d327cb8d90ef0d685f3d696dab714b8327"
            },
            "dist": {
                "type": "zip",
                "url": "https://github.com/symfony/Console/archive/b76fc0d327cb8d90ef0d685f3d696dab714b8327.zip",
                "reference": "b76fc0d327cb8d90ef0d685f3d696dab714b8327",
                "shasum": ""
            },
            "require": {
                "php": ">=5.3.3"
            },
            "time": "2013-01-17 15:25:59",
            "type": "library",
            "extra": {
                "branch-alias": {
                    "dev-master": "2.2-dev"
                }
            },
            "autoload": {
                "psr-0": {
                    "Symfony\\Component\\Console\\": ""
                }
            },
            "notification-url": "https://packagist.org/downloads/",
            "license": [
                "MIT"
            ],
            "authors": [
                {
                    "name": "Fabien Potencier",
                    "email": "fabien@symfony.com"
                },
                {
                    "name": "Symfony Community",
                    "homepage": "http://symfony.com/contributors"
                }
            ],
            "description": "Symfony Console Component",
            "homepage": "http://symfony.com"
        },
        {
            "name": "symfony/css-selector",
            "version": "dev-master",
            "target-dir": "Symfony/Component/CssSelector",
            "source": {
                "type": "git",
                "url": "https://github.com/symfony/CssSelector",
                "reference": "931f7fa8b01688f7c839784e9cf2897e118e37d2"
            },
            "dist": {
                "type": "zip",
                "url": "https://github.com/symfony/CssSelector/archive/931f7fa8b01688f7c839784e9cf2897e118e37d2.zip",
                "reference": "931f7fa8b01688f7c839784e9cf2897e118e37d2",
                "shasum": ""
            },
            "require": {
                "php": ">=5.3.3"
            },
            "time": "2013-01-17 15:25:59",
            "type": "library",
            "extra": {
                "branch-alias": {
                    "dev-master": "2.2-dev"
                }
            },
            "autoload": {
                "psr-0": {
                    "Symfony\\Component\\CssSelector\\": ""
                }
            },
            "notification-url": "https://packagist.org/downloads/",
            "license": [
                "MIT"
            ],
            "authors": [
                {
                    "name": "Fabien Potencier",
                    "email": "fabien@symfony.com"
                },
                {
                    "name": "Symfony Community",
                    "homepage": "http://symfony.com/contributors"
                }
            ],
            "description": "Symfony CssSelector Component",
            "homepage": "http://symfony.com"
        },
        {
            "name": "symfony/dom-crawler",
            "version": "dev-master",
            "target-dir": "Symfony/Component/DomCrawler",
            "source": {
                "type": "git",
                "url": "https://github.com/symfony/DomCrawler",
                "reference": "9e6135b1b86453cf810c4f8df2151f2d867a617a"
            },
            "dist": {
                "type": "zip",
                "url": "https://github.com/symfony/DomCrawler/archive/9e6135b1b86453cf810c4f8df2151f2d867a617a.zip",
                "reference": "9e6135b1b86453cf810c4f8df2151f2d867a617a",
                "shasum": ""
            },
            "require": {
                "php": ">=5.3.3"
            },
            "require-dev": {
                "symfony/css-selector": "2.2.*"
            },
            "suggest": {
                "symfony/css-selector": "2.2.*"
            },
            "time": "2013-01-17 15:25:59",
            "type": "library",
            "extra": {
                "branch-alias": {
                    "dev-master": "2.2-dev"
                }
            },
            "autoload": {
                "psr-0": {
                    "Symfony\\Component\\DomCrawler\\": ""
                }
            },
            "notification-url": "https://packagist.org/downloads/",
            "license": [
                "MIT"
            ],
            "authors": [
                {
                    "name": "Fabien Potencier",
                    "email": "fabien@symfony.com"
                },
                {
                    "name": "Symfony Community",
                    "homepage": "http://symfony.com/contributors"
                }
            ],
            "description": "Symfony DomCrawler Component",
            "homepage": "http://symfony.com"
        },
        {
            "name": "symfony/event-dispatcher",
            "version": "dev-master",
            "target-dir": "Symfony/Component/EventDispatcher",
            "source": {
                "type": "git",
                "url": "https://github.com/symfony/EventDispatcher",
                "reference": "1ba2e333b644ac0a0e5ef751d514dd01b3a26e9d"
            },
            "dist": {
                "type": "zip",
                "url": "https://github.com/symfony/EventDispatcher/archive/1ba2e333b644ac0a0e5ef751d514dd01b3a26e9d.zip",
                "reference": "1ba2e333b644ac0a0e5ef751d514dd01b3a26e9d",
                "shasum": ""
            },
            "require": {
                "php": ">=5.3.3"
            },
            "require-dev": {
                "symfony/dependency-injection": "2.2.*"
            },
            "suggest": {
                "symfony/dependency-injection": "2.2.*",
                "symfony/http-kernel": "2.2.*"
            },
            "time": "2013-01-17 15:25:59",
            "type": "library",
            "extra": {
                "branch-alias": {
                    "dev-master": "2.2-dev"
                }
            },
            "autoload": {
                "psr-0": {
                    "Symfony\\Component\\EventDispatcher\\": ""
                }
            },
            "notification-url": "https://packagist.org/downloads/",
            "license": [
                "MIT"
            ],
            "authors": [
                {
                    "name": "Fabien Potencier",
                    "email": "fabien@symfony.com"
                },
                {
                    "name": "Symfony Community",
                    "homepage": "http://symfony.com/contributors"
                }
            ],
            "description": "Symfony EventDispatcher Component",
            "homepage": "http://symfony.com"
        },
        {
            "name": "symfony/finder",
            "version": "dev-master",
            "target-dir": "Symfony/Component/Finder",
            "source": {
                "type": "git",
                "url": "https://github.com/symfony/Finder",
                "reference": "1da9fdbfd75071a50f4afff9d9710461a94eec01"
            },
            "dist": {
                "type": "zip",
                "url": "https://github.com/symfony/Finder/archive/1da9fdbfd75071a50f4afff9d9710461a94eec01.zip",
                "reference": "1da9fdbfd75071a50f4afff9d9710461a94eec01",
                "shasum": ""
            },
            "require": {
                "php": ">=5.3.3"
            },
            "time": "2013-01-18 20:36:32",
            "type": "library",
            "extra": {
                "branch-alias": {
                    "dev-master": "2.2-dev"
                }
            },
            "autoload": {
                "psr-0": {
                    "Symfony\\Component\\Finder\\": ""
                }
            },
            "notification-url": "https://packagist.org/downloads/",
            "license": [
                "MIT"
            ],
            "authors": [
                {
                    "name": "Fabien Potencier",
                    "email": "fabien@symfony.com"
                },
                {
                    "name": "Symfony Community",
                    "homepage": "http://symfony.com/contributors"
                }
            ],
            "description": "Symfony Finder Component",
            "homepage": "http://symfony.com"
        },
        {
            "name": "symfony/http-foundation",
            "version": "dev-master",
            "target-dir": "Symfony/Component/HttpFoundation",
            "source": {
                "type": "git",
                "url": "https://github.com/symfony/HttpFoundation",
                "reference": "4ab347e5264d460812095eb381a14a93678ae68b"
            },
            "dist": {
                "type": "zip",
                "url": "https://github.com/symfony/HttpFoundation/archive/4ab347e5264d460812095eb381a14a93678ae68b.zip",
                "reference": "4ab347e5264d460812095eb381a14a93678ae68b",
                "shasum": ""
            },
            "require": {
                "php": ">=5.3.3"
            },
            "time": "2013-01-21 16:56:55",
            "type": "library",
            "extra": {
                "branch-alias": {
                    "dev-master": "2.2-dev"
                }
            },
            "autoload": {
                "psr-0": {
                    "Symfony\\Component\\HttpFoundation\\": ""
                },
                "classmap": [
                    "Symfony/Component/HttpFoundation/Resources/stubs"
                ]
            },
            "notification-url": "https://packagist.org/downloads/",
            "license": [
                "MIT"
            ],
            "authors": [
                {
                    "name": "Fabien Potencier",
                    "email": "fabien@symfony.com"
                },
                {
                    "name": "Symfony Community",
                    "homepage": "http://symfony.com/contributors"
                }
            ],
            "description": "Symfony HttpFoundation Component",
            "homepage": "http://symfony.com"
        },
        {
            "name": "symfony/http-kernel",
            "version": "dev-master",
            "target-dir": "Symfony/Component/HttpKernel",
            "source": {
                "type": "git",
                "url": "https://github.com/symfony/HttpKernel",
                "reference": "1311a2f7fce08bf0edf8ca5f6fae58ec2485b27b"
            },
            "dist": {
                "type": "zip",
                "url": "https://github.com/symfony/HttpKernel/archive/1311a2f7fce08bf0edf8ca5f6fae58ec2485b27b.zip",
                "reference": "1311a2f7fce08bf0edf8ca5f6fae58ec2485b27b",
                "shasum": ""
            },
            "require": {
                "php": ">=5.3.3",
                "symfony/event-dispatcher": "2.2.*",
                "symfony/http-foundation": "2.2.*",
                "psr/log": ">=1.0,<2.0"
            },
            "require-dev": {
                "symfony/browser-kit": "2.2.*",
                "symfony/class-loader": "2.2.*",
                "symfony/config": "2.2.*",
                "symfony/console": "2.2.*",
                "symfony/dependency-injection": "2.2.*",
                "symfony/finder": "2.2.*",
                "symfony/process": "2.2.*",
                "symfony/routing": "2.2.*",
                "symfony/stopwatch": "2.2.*"
            },
            "suggest": {
                "symfony/browser-kit": "2.2.*",
                "symfony/class-loader": "2.2.*",
                "symfony/config": "2.2.*",
                "symfony/console": "2.2.*",
                "symfony/dependency-injection": "2.2.*",
                "symfony/finder": "2.2.*"
            },
            "time": "2013-01-23 12:57:53",
            "type": "library",
            "extra": {
                "branch-alias": {
                    "dev-master": "2.2-dev"
                }
            },
            "autoload": {
                "psr-0": {
                    "Symfony\\Component\\HttpKernel\\": ""
                }
            },
            "notification-url": "https://packagist.org/downloads/",
            "license": [
                "MIT"
            ],
            "authors": [
                {
                    "name": "Fabien Potencier",
                    "email": "fabien@symfony.com"
                },
                {
                    "name": "Symfony Community",
                    "homepage": "http://symfony.com/contributors"
                }
            ],
            "description": "Symfony HttpKernel Component",
            "homepage": "http://symfony.com"
        },
        {
            "name": "symfony/process",
            "version": "dev-master",
            "target-dir": "Symfony/Component/Process",
            "source": {
                "type": "git",
                "url": "https://github.com/symfony/Process",
                "reference": "dace2b9abb058b8d40452f8ab4532db8e4d273db"
            },
            "dist": {
                "type": "zip",
                "url": "https://github.com/symfony/Process/archive/dace2b9abb058b8d40452f8ab4532db8e4d273db.zip",
                "reference": "dace2b9abb058b8d40452f8ab4532db8e4d273db",
                "shasum": ""
            },
            "require": {
                "php": ">=5.3.3"
            },
            "time": "2013-01-17 15:25:59",
            "type": "library",
            "extra": {
                "branch-alias": {
                    "dev-master": "2.2-dev"
                }
            },
            "autoload": {
                "psr-0": {
                    "Symfony\\Component\\Process\\": ""
                }
            },
            "notification-url": "https://packagist.org/downloads/",
            "license": [
                "MIT"
            ],
            "authors": [
                {
                    "name": "Fabien Potencier",
                    "email": "fabien@symfony.com"
                },
                {
                    "name": "Symfony Community",
                    "homepage": "http://symfony.com/contributors"
                }
            ],
            "description": "Symfony Process Component",
            "homepage": "http://symfony.com"
        },
        {
            "name": "symfony/routing",
            "version": "dev-master",
            "target-dir": "Symfony/Component/Routing",
            "source": {
                "type": "git",
                "url": "https://github.com/symfony/Routing",
                "reference": "7196489720091b5bb70ef1866b7ff9719a98f761"
            },
            "dist": {
                "type": "zip",
                "url": "https://github.com/symfony/Routing/archive/7196489720091b5bb70ef1866b7ff9719a98f761.zip",
                "reference": "7196489720091b5bb70ef1866b7ff9719a98f761",
                "shasum": ""
            },
            "require": {
                "php": ">=5.3.3"
            },
            "require-dev": {
                "doctrine/common": ">=2.2,<2.4-dev",
                "symfony/config": "2.2.*",
                "symfony/yaml": "2.2.*",
                "symfony/http-kernel": "2.2.*",
                "psr/log": ">=1.0,<2.0"
            },
            "suggest": {
                "doctrine/common": ">=2.2,<2.4-dev",
                "symfony/config": "2.2.*",
                "symfony/yaml": "2.2.*"
            },
            "time": "2013-01-21 16:57:32",
            "type": "library",
            "extra": {
                "branch-alias": {
                    "dev-master": "2.2-dev"
                }
            },
            "autoload": {
                "psr-0": {
                    "Symfony\\Component\\Routing\\": ""
                }
            },
            "notification-url": "https://packagist.org/downloads/",
            "license": [
                "MIT"
            ],
            "authors": [
                {
                    "name": "Fabien Potencier",
                    "email": "fabien@symfony.com"
                },
                {
                    "name": "Symfony Community",
                    "homepage": "http://symfony.com/contributors"
                }
            ],
            "description": "Symfony Routing Component",
            "homepage": "http://symfony.com"
        },
        {
            "name": "symfony/translation",
            "version": "dev-master",
            "target-dir": "Symfony/Component/Translation",
            "source": {
                "type": "git",
                "url": "https://github.com/symfony/Translation",
                "reference": "54a5fe0f22d740af6e29ae709134873a09643e4c"
            },
            "dist": {
                "type": "zip",
                "url": "https://github.com/symfony/Translation/archive/54a5fe0f22d740af6e29ae709134873a09643e4c.zip",
                "reference": "54a5fe0f22d740af6e29ae709134873a09643e4c",
                "shasum": ""
            },
            "require": {
                "php": ">=5.3.3"
            },
            "require-dev": {
                "symfony/config": "2.2.*",
                "symfony/yaml": "2.2.*"
            },
            "suggest": {
                "symfony/config": "2.2.*",
                "symfony/yaml": "2.2.*"
            },
            "time": "2013-01-17 15:25:59",
            "type": "library",
            "extra": {
                "branch-alias": {
                    "dev-master": "2.2-dev"
                }
            },
            "autoload": {
                "psr-0": {
                    "Symfony\\Component\\Translation\\": ""
                }
            },
            "notification-url": "https://packagist.org/downloads/",
            "license": [
                "MIT"
            ],
            "authors": [
                {
                    "name": "Fabien Potencier",
                    "email": "fabien@symfony.com"
                },
                {
                    "name": "Symfony Community",
                    "homepage": "http://symfony.com/contributors"
                }
            ],
            "description": "Symfony Translation Component",
            "homepage": "http://symfony.com"
        },
        {
            "name": "twig/twig",
            "version": "dev-master",
            "source": {
                "type": "git",
                "url": "git://github.com/fabpot/Twig.git",
                "reference": "93c6a8dedc46c73ccdd61342de3d5e761e4412f6"
            },
            "dist": {
                "type": "zip",
                "url": "https://github.com/fabpot/Twig/archive/93c6a8dedc46c73ccdd61342de3d5e761e4412f6.zip",
                "reference": "93c6a8dedc46c73ccdd61342de3d5e761e4412f6",
                "shasum": ""
            },
            "require": {
                "php": ">=5.2.4"
            },
            "time": "2013-01-18 09:58:04",
            "type": "library",
            "extra": {
                "branch-alias": {
                    "dev-master": "1.12-dev"
                }
            },
            "autoload": {
                "psr-0": {
                    "Twig_": "lib/"
                }
            },
            "notification-url": "https://packagist.org/downloads/",
            "license": [
                "BSD-3"
            ],
            "authors": [
                {
                    "name": "Fabien Potencier",
                    "email": "fabien@symfony.com"
                },
                {
                    "name": "Armin Ronacher",
                    "email": "armin.ronacher@active-4.com"
                }
            ],
            "description": "Twig, the flexible, fast, and secure template language for PHP",
            "homepage": "http://twig.sensiolabs.org",
            "keywords": [
                "templating"
            ]
        }
    ],
    "packages-dev": null,
    "aliases": [

    ],
    "minimum-stability": "dev",
    "stability-flags": {
        "licorice-labs/velcro": 20
    }
}
